
Microsoft Visual Studio Solution File, Format Version 12.00
# Visual Studio Version 17
VisualStudioVersion = 17.4.33205.214
MinimumVisualStudioVersion = 10.0.40219.1
Project("{FAE04EC0-301F-11D3-BF4B-00C04F79EFBC}") = "PinPong", "PinPong.csproj", "{7830F471-9847-499B-A83C-38C45A888D26}"
EndProject
Global
	GlobalSection(SolutionConfigurationPlatforms) = preSolution
		Debug|Any CPU = Debug|Any CPU
		Release|Any CPU = Release|Any CPU
	EndGlobalSection
	GlobalSection(ProjectConfigurationPlatforms) = postSolution
		{7830F471-9847-499B-A83C-38C45A888D26}.Debug|Any CPU.ActiveCfg = Debug|Any CPU
		{7830F471-9847-499B-A83C-38C45A888D26}.Debug|Any CPU.Build.0 = Debug|Any CPU
		{7830F471-9847-499B-A83C-38C45A888D26}.Release|Any CPU.ActiveCfg = Release|Any CPU
		{7830F471-9847-499B-A83C-38C45A888D26}.Release|Any CPU.Build.0 = Release|Any CPU
	EndGlobalSection
	GlobalSection(SolutionProperties) = preSolution
		HideSolutionNode = FALSE
	EndGlobalSection
	GlobalSection(ExtensibilityGlobals) = postSolution
		SolutionGuid = {EA3387EB-D8DE-4DA9-935B-54E6FD9E4572}
	EndGlobalSection
EndGlobal
